# generated by rye
# use `rye lock` or `rye sync` to update this lockfile
#
# last locked with the following flags:
#   pre: false
#   features: []
#   all-features: false
#   with-sources: false

-e file:.
iniconfig==2.0.0
loguru==0.7.2
nodeenv==1.8.0
packaging==23.2
pluggy==1.4.0
pyright==1.1.349
pytest==8.0.0
ruff==0.2.0
# The following packages are considered to be unsafe in a requirements file:
setuptools==69.0.3
